
Microsoft Visual Studio Solution File, Format Version 12.00
# Visual Studio Version 16
VisualStudioVersion = 16.0.30907.101
MinimumVisualStudioVersion = 10.0.40219.1
Project("{FAE04EC0-301F-11D3-BF4B-00C04F79EFBC}") = "InstantKioskStatus", "InstantKioskStatus\InstantKioskStatus.csproj", "{D955F9B7-4139-41C4-87E1-065CF9151BCD}"
EndProject
Global
	GlobalSection(SolutionConfigurationPlatforms) = preSolution
		Debug|Any CPU = Debug|Any CPU
		Release|Any CPU = Release|Any CPU
	EndGlobalSection
	GlobalSection(ProjectConfigurationPlatforms) = postSolution
		{D955F9B7-4139-41C4-87E1-065CF9151BCD}.Debug|Any CPU.ActiveCfg = Debug|Any CPU
		{D955F9B7-4139-41C4-87E1-065CF9151BCD}.Debug|Any CPU.Build.0 = Debug|Any CPU
		{D955F9B7-4139-41C4-87E1-065CF9151BCD}.Release|Any CPU.ActiveCfg = Release|Any CPU
		{D955F9B7-4139-41C4-87E1-065CF9151BCD}.Release|Any CPU.Build.0 = Release|Any CPU
	EndGlobalSection
	GlobalSection(SolutionProperties) = preSolution
		HideSolutionNode = FALSE
	EndGlobalSection
	GlobalSection(ExtensibilityGlobals) = postSolution
		SolutionGuid = {BAFCFCA9-0009-4025-86F1-58DD08173D0A}
	EndGlobalSection
EndGlobal
